{
  "originHash" : "84b44e2091230c1521744455a076ca773d53950b08bc35bd510d1bf79944df39",
  "pins" : [
    {
      "identity" : "spearfoundation",
      "kind" : "remoteSourceControl",
      "location" : "https://github.com/kraigspear/Spearfoundation",
      "state" : {
        "revision" : "4718d001621c58e2e4ae57d1bcaeba00599db4e5",
        "version" : "3.0.2"
      }
    }
  ],
  "version" : 3
}
